{
  "object": {
    "pins": [
      {
        "package": "swift-argument-parser",
        "repositoryURL": "https://github.com/apple/swift-argument-parser.git",
        "state": {
          "branch": null,
          "revision": "82905286cc3f0fa8adc4674bf49437cab65a8373",
          "version": "1.1.1"
        }
      },
      {
        "package": "swift-format",
        "repositoryURL": "https://github.com/apple/swift-format",
        "state": {
          "branch": null,
          "revision": "e6b8c60c7671066d229e30efa1e31acf57be412e",
          "version": "0.50600.1"
        }
      },
      {
        "package": "SwiftSyntax",
        "repositoryURL": "https://github.com/apple/swift-syntax",
        "state": {
          "branch": null,
          "revision": "0b6c22b97f8e9320bca62e82cdbee601cf37ad3f",
          "version": "0.50600.1"
        }
      },
      {
        "package": "swift-system",
        "repositoryURL": "https://github.com/apple/swift-system.git",
        "state": {
          "branch": null,
          "revision": "836bc4557b74fe6d2660218d56e3ce96aff76574",
          "version": "1.1.1"
        }
      },
      {
        "package": "swift-tools-support-core",
        "repositoryURL": "https://github.com/apple/swift-tools-support-core.git",
        "state": {
          "branch": null,
          "revision": "b7667f3e266af621e5cc9c77e74cacd8e8c00cb4",
          "version": "0.2.5"
        }
      }
    ]
  },
  "version": 1
}
